
Microsoft Visual Studio Solution File, Format Version 12.00
# Visual Studio 15
VisualStudioVersion = 15.0.27130.2020
MinimumVisualStudioVersion = 10.0.40219.1
Project("{FAE04EC0-301F-11D3-BF4B-00C04F79EFBC}") = "ListeContact", "ListeContact.csproj", "{B9EED265-C001-4B6C-AE80-D2578BDEF9EC}"
EndProject
Project("{2150E333-8FDC-42A3-9474-1A3956D46DE8}") = "Entities", "Entities", "{D5B2700B-6564-4311-B1A6-50693A2704C1}"
EndProject
Project("{FAE04EC0-301F-11D3-BF4B-00C04F79EFBC}") = "Entities", "..\Entities\Entities.csproj", "{70623538-DF17-4EFB-BE73-3C7E314B98F8}"
EndProject
Project("{2150E333-8FDC-42A3-9474-1A3956D46DE8}") = "DAL", "DAL", "{9D0E7746-5EC0-409C-A929-44CDAF940D2F}"
EndProject
Project("{FAE04EC0-301F-11D3-BF4B-00C04F79EFBC}") = "ContactService", "ContactService\ContactService.csproj", "{4FDC1EFA-E60E-4B23-ADC5-6D89A3DD5FBE}"
EndProject
Project("{2150E333-8FDC-42A3-9474-1A3956D46DE8}") = "BLL", "BLL", "{37C25083-FB3E-44AA-A91E-37F18607F1B8}"
EndProject
Project("{FAE04EC0-301F-11D3-BF4B-00C04F79EFBC}") = "ContactManager", "ContactManager\ContactManager.csproj", "{4C4B19D2-8896-46FD-9E13-880647CA3629}"
EndProject
Global
	GlobalSection(SolutionConfigurationPlatforms) = preSolution
		Debug|Any CPU = Debug|Any CPU
		Release|Any CPU = Release|Any CPU
	EndGlobalSection
	GlobalSection(ProjectConfigurationPlatforms) = postSolution
		{B9EED265-C001-4B6C-AE80-D2578BDEF9EC}.Debug|Any CPU.ActiveCfg = Debug|Any CPU
		{B9EED265-C001-4B6C-AE80-D2578BDEF9EC}.Debug|Any CPU.Build.0 = Debug|Any CPU
		{B9EED265-C001-4B6C-AE80-D2578BDEF9EC}.Release|Any CPU.ActiveCfg = Release|Any CPU
		{B9EED265-C001-4B6C-AE80-D2578BDEF9EC}.Release|Any CPU.Build.0 = Release|Any CPU
		{70623538-DF17-4EFB-BE73-3C7E314B98F8}.Debug|Any CPU.ActiveCfg = Debug|Any CPU
		{70623538-DF17-4EFB-BE73-3C7E314B98F8}.Debug|Any CPU.Build.0 = Debug|Any CPU
		{70623538-DF17-4EFB-BE73-3C7E314B98F8}.Release|Any CPU.ActiveCfg = Release|Any CPU
		{70623538-DF17-4EFB-BE73-3C7E314B98F8}.Release|Any CPU.Build.0 = Release|Any CPU
		{4FDC1EFA-E60E-4B23-ADC5-6D89A3DD5FBE}.Debug|Any CPU.ActiveCfg = Debug|Any CPU
		{4FDC1EFA-E60E-4B23-ADC5-6D89A3DD5FBE}.Debug|Any CPU.Build.0 = Debug|Any CPU
		{4FDC1EFA-E60E-4B23-ADC5-6D89A3DD5FBE}.Release|Any CPU.ActiveCfg = Release|Any CPU
		{4FDC1EFA-E60E-4B23-ADC5-6D89A3DD5FBE}.Release|Any CPU.Build.0 = Release|Any CPU
		{4C4B19D2-8896-46FD-9E13-880647CA3629}.Debug|Any CPU.ActiveCfg = Debug|Any CPU
		{4C4B19D2-8896-46FD-9E13-880647CA3629}.Debug|Any CPU.Build.0 = Debug|Any CPU
		{4C4B19D2-8896-46FD-9E13-880647CA3629}.Release|Any CPU.ActiveCfg = Release|Any CPU
		{4C4B19D2-8896-46FD-9E13-880647CA3629}.Release|Any CPU.Build.0 = Release|Any CPU
	EndGlobalSection
	GlobalSection(SolutionProperties) = preSolution
		HideSolutionNode = FALSE
	EndGlobalSection
	GlobalSection(NestedProjects) = preSolution
		{70623538-DF17-4EFB-BE73-3C7E314B98F8} = {D5B2700B-6564-4311-B1A6-50693A2704C1}
		{4FDC1EFA-E60E-4B23-ADC5-6D89A3DD5FBE} = {9D0E7746-5EC0-409C-A929-44CDAF940D2F}
		{4C4B19D2-8896-46FD-9E13-880647CA3629} = {37C25083-FB3E-44AA-A91E-37F18607F1B8}
	EndGlobalSection
	GlobalSection(ExtensibilityGlobals) = postSolution
		SolutionGuid = {0DE6C389-023D-4980-97A6-C2FFC3343ECA}
	EndGlobalSection
EndGlobal
